
Microsoft Visual Studio Solution File, Format Version 12.00
# Visual Studio Version 17
VisualStudioVersion = 17.0.32014.148
MinimumVisualStudioVersion = 10.0.40219.1
Project("{FAE04EC0-301F-11D3-BF4B-00C04F79EFBC}") = "BusinessApplicationBackend", "BusinessApplicationBackend\BusinessApplicationBackend.csproj", "{26F9E29B-BC4F-422A-9F72-971420C17F0C}"
EndProject
Global
	GlobalSection(SolutionConfigurationPlatforms) = preSolution
		Debug|Any CPU = Debug|Any CPU
		Release|Any CPU = Release|Any CPU
	EndGlobalSection
	GlobalSection(ProjectConfigurationPlatforms) = postSolution
		{26F9E29B-BC4F-422A-9F72-971420C17F0C}.Debug|Any CPU.ActiveCfg = Debug|Any CPU
		{26F9E29B-BC4F-422A-9F72-971420C17F0C}.Debug|Any CPU.Build.0 = Debug|Any CPU
		{26F9E29B-BC4F-422A-9F72-971420C17F0C}.Release|Any CPU.ActiveCfg = Release|Any CPU
		{26F9E29B-BC4F-422A-9F72-971420C17F0C}.Release|Any CPU.Build.0 = Release|Any CPU
	EndGlobalSection
	GlobalSection(SolutionProperties) = preSolution
		HideSolutionNode = FALSE
	EndGlobalSection
	GlobalSection(ExtensibilityGlobals) = postSolution
		SolutionGuid = {405CF6E2-475E-475C-937B-66F7061215F6}
	EndGlobalSection
EndGlobal
